
Microsoft Visual Studio Solution File, Format Version 12.00
# Visual Studio Version 17
VisualStudioVersion = 17.12.35527.113
MinimumVisualStudioVersion = 10.0.40219.1
Project("{FAE04EC0-301F-11D3-BF4B-00C04F79EFBC}") = "UrlShortner.Api", "UrlShortner.Api\UrlShortner.Api.csproj", "{CAB0A6A4-B416-493F-BFCD-FCA29FEA78D4}"
EndProject
Project("{FAE04EC0-301F-11D3-BF4B-00C04F79EFBC}") = "UrlShortner.AppHost", "UrlShortner.AppHost\UrlShortner.AppHost.csproj", "{8C7D444E-782C-4B1C-854C-C9887899A7C4}"
EndProject
Project("{FAE04EC0-301F-11D3-BF4B-00C04F79EFBC}") = "UrlShortner.ServiceDefaults", "UrlShortner.ServiceDefaults\UrlShortner.ServiceDefaults.csproj", "{ECF5822E-D72D-4D6C-99EE-76BB2D9A370D}"
EndProject
Project("{2150E333-8FDC-42A3-9474-1A3956D46DE8}") = "Solution Items", "Solution Items", "{1B4F1A11-72E4-4A32-A710-EBA0CB759C51}"
	ProjectSection(SolutionItems) = preProject
		.gitignore = .gitignore
	EndProjectSection
EndProject
Project("{FAE04EC0-301F-11D3-BF4B-00C04F79EFBC}") = "UrlShortner.Domain", "UrlShortner.Domain\UrlShortner.Domain.csproj", "{FE1BCFE1-3EC9-4C27-8A59-E369EB6D8631}"
EndProject
Global
	GlobalSection(SolutionConfigurationPlatforms) = preSolution
		Debug|Any CPU = Debug|Any CPU
		Release|Any CPU = Release|Any CPU
	EndGlobalSection
	GlobalSection(ProjectConfigurationPlatforms) = postSolution
		{CAB0A6A4-B416-493F-BFCD-FCA29FEA78D4}.Debug|Any CPU.ActiveCfg = Debug|Any CPU
		{CAB0A6A4-B416-493F-BFCD-FCA29FEA78D4}.Debug|Any CPU.Build.0 = Debug|Any CPU
		{CAB0A6A4-B416-493F-BFCD-FCA29FEA78D4}.Release|Any CPU.ActiveCfg = Release|Any CPU
		{CAB0A6A4-B416-493F-BFCD-FCA29FEA78D4}.Release|Any CPU.Build.0 = Release|Any CPU
		{8C7D444E-782C-4B1C-854C-C9887899A7C4}.Debug|Any CPU.ActiveCfg = Debug|Any CPU
		{8C7D444E-782C-4B1C-854C-C9887899A7C4}.Debug|Any CPU.Build.0 = Debug|Any CPU
		{8C7D444E-782C-4B1C-854C-C9887899A7C4}.Release|Any CPU.ActiveCfg = Release|Any CPU
		{8C7D444E-782C-4B1C-854C-C9887899A7C4}.Release|Any CPU.Build.0 = Release|Any CPU
		{ECF5822E-D72D-4D6C-99EE-76BB2D9A370D}.Debug|Any CPU.ActiveCfg = Debug|Any CPU
		{ECF5822E-D72D-4D6C-99EE-76BB2D9A370D}.Debug|Any CPU.Build.0 = Debug|Any CPU
		{ECF5822E-D72D-4D6C-99EE-76BB2D9A370D}.Release|Any CPU.ActiveCfg = Release|Any CPU
		{ECF5822E-D72D-4D6C-99EE-76BB2D9A370D}.Release|Any CPU.Build.0 = Release|Any CPU
		{FE1BCFE1-3EC9-4C27-8A59-E369EB6D8631}.Debug|Any CPU.ActiveCfg = Debug|Any CPU
		{FE1BCFE1-3EC9-4C27-8A59-E369EB6D8631}.Debug|Any CPU.Build.0 = Debug|Any CPU
		{FE1BCFE1-3EC9-4C27-8A59-E369EB6D8631}.Release|Any CPU.ActiveCfg = Release|Any CPU
		{FE1BCFE1-3EC9-4C27-8A59-E369EB6D8631}.Release|Any CPU.Build.0 = Release|Any CPU
	EndGlobalSection
	GlobalSection(SolutionProperties) = preSolution
		HideSolutionNode = FALSE
	EndGlobalSection
EndGlobal
